
Microsoft Visual Studio Solution File, Format Version 12.00
# Visual Studio Version 17
VisualStudioVersion = 17.10.35013.160
MinimumVisualStudioVersion = 10.0.40219.1
Project("{9A19103F-16F7-4668-BE54-9A1E7A4F7556}") = "SmartWaterSimulation.Worker", "SmartWaterSimulation.Worker.csproj", "{2BF0BA31-2183-452A-982A-0F358B99296A}"
EndProject
Global
	GlobalSection(SolutionConfigurationPlatforms) = preSolution
		Debug|Any CPU = Debug|Any CPU
		Release|Any CPU = Release|Any CPU
	EndGlobalSection
	GlobalSection(ProjectConfigurationPlatforms) = postSolution
		{2BF0BA31-2183-452A-982A-0F358B99296A}.Debug|Any CPU.ActiveCfg = Debug|Any CPU
		{2BF0BA31-2183-452A-982A-0F358B99296A}.Debug|Any CPU.Build.0 = Debug|Any CPU
		{2BF0BA31-2183-452A-982A-0F358B99296A}.Release|Any CPU.ActiveCfg = Release|Any CPU
		{2BF0BA31-2183-452A-982A-0F358B99296A}.Release|Any CPU.Build.0 = Release|Any CPU
	EndGlobalSection
	GlobalSection(SolutionProperties) = preSolution
		HideSolutionNode = FALSE
	EndGlobalSection
	GlobalSection(ExtensibilityGlobals) = postSolution
		SolutionGuid = {D2DA0411-B11E-47D9-A74B-C0DE0D58B670}
	EndGlobalSection
EndGlobal
